// !$*UTF8*$!
{
	archiveVersion = 1;
	classes = {
	};
	objectVersion = 55;
	objects = {

/* Begin PBXBuildFile section */
		49062A5227E35BD900594B8F /* ImageService.swift in Sources */ = {isa = PBXBuildFile; fileRef = 49062A5127E35BD900594B8F /* ImageService.swift */; };
		490A081B27DF5D9600D0F30B /* Fredoka-Light.ttf in Resources */ = {isa = PBXBuildFile; fileRef = 4913282527DD549A00CEEBC5 /* Fredoka-Light.ttf */; };
		490A081D27DFD48200D0F30B /* ChartMarker.swift in Sources */ = {isa = PBXBuildFile; fileRef = 490A081C27DFD48200D0F30B /* ChartMarker.swift */; };
		490A081F27E0DF2F00D0F30B /* MyAlert.swift in Sources */ = {isa = PBXBuildFile; fileRef = 490A081E27E0DF2F00D0F30B /* MyAlert.swift */; };
		490A082127E10E6E00D0F30B /* PickerView.swift in Sources */ = {isa = PBXBuildFile; fileRef = 490A082027E10E6E00D0F30B /* PickerView.swift */; };
		490A082327E2197D00D0F30B /* CustomKey.swift in Sources */ = {isa = PBXBuildFile; fileRef = 490A082227E2197D00D0F30B /* CustomKey.swift */; };
		491327F027DD4CF400CEEBC5 /* AppDelegate.swift in Sources */ = {isa = PBXBuildFile; fileRef = 491327EF27DD4CF400CEEBC5 /* AppDelegate.swift */; };
		491327F227DD4CF400CEEBC5 /* SceneDelegate.swift in Sources */ = {isa = PBXBuildFile; fileRef = 491327F127DD4CF400CEEBC5 /* SceneDelegate.swift */; };
		491327F427DD4CF400CEEBC5 /* CoinViewController.swift in Sources */ = {isa = PBXBuildFile; fileRef = 491327F327DD4CF400CEEBC5 /* CoinViewController.swift */; };
		491327F727DD4CF400CEEBC5 /* Main.storyboard in Resources */ = {isa = PBXBuildFile; fileRef = 491327F527DD4CF400CEEBC5 /* Main.storyboard */; };
		491327F927DD4CF500CEEBC5 /* Assets.xcassets in Resources */ = {isa = PBXBuildFile; fileRef = 491327F827DD4CF500CEEBC5 /* Assets.xcassets */; };
		491327FC27DD4CF500CEEBC5 /* LaunchScreen.storyboard in Resources */ = {isa = PBXBuildFile; fileRef = 491327FA27DD4CF500CEEBC5 /* LaunchScreen.storyboard */; };
		4913280A27DD4E3400CEEBC5 /* ListViewController.swift in Sources */ = {isa = PBXBuildFile; fileRef = 4913280827DD4E3400CEEBC5 /* ListViewController.swift */; };
		4913280F27DD4E9C00CEEBC5 /* DetailViewController.swift in Sources */ = {isa = PBXBuildFile; fileRef = 4913280E27DD4E9C00CEEBC5 /* DetailViewController.swift */; };
		4913281127DD4F5B00CEEBC5 /* CustomCell.swift in Sources */ = {isa = PBXBuildFile; fileRef = 4913281027DD4F5B00CEEBC5 /* CustomCell.swift */; };
		4913281327DD4F6600CEEBC5 /* CustomCell.xib in Resources */ = {isa = PBXBuildFile; fileRef = 4913281227DD4F6600CEEBC5 /* CustomCell.xib */; };
		4913281527DD51BC00CEEBC5 /* CryptoManager.swift in Sources */ = {isa = PBXBuildFile; fileRef = 4913281427DD51BC00CEEBC5 /* CryptoManager.swift */; };
		4913281727DD51D600CEEBC5 /* GraphManager.swift in Sources */ = {isa = PBXBuildFile; fileRef = 4913281627DD51D600CEEBC5 /* GraphManager.swift */; };
		4913281927DD527B00CEEBC5 /* DataRepository.swift in Sources */ = {isa = PBXBuildFile; fileRef = 4913281827DD527B00CEEBC5 /* DataRepository.swift */; };
		4913281B27DD52FE00CEEBC5 /* Colors.swift in Sources */ = {isa = PBXBuildFile; fileRef = 4913281A27DD52FE00CEEBC5 /* Colors.swift */; };
		4913281D27DD535800CEEBC5 /* Fonts.swift in Sources */ = {isa = PBXBuildFile; fileRef = 4913281C27DD535800CEEBC5 /* Fonts.swift */; };
		4913281F27DD536800CEEBC5 /* Constants.swift in Sources */ = {isa = PBXBuildFile; fileRef = 4913281E27DD536800CEEBC5 /* Constants.swift */; };
		4913282227DD548500CEEBC5 /* Fredoka-Medium.ttf in Resources */ = {isa = PBXBuildFile; fileRef = 4913282127DD548500CEEBC5 /* Fredoka-Medium.ttf */; };
		4913282427DD549200CEEBC5 /* Fredoka-Regular.ttf in Resources */ = {isa = PBXBuildFile; fileRef = 4913282327DD549200CEEBC5 /* Fredoka-Regular.ttf */; };
		4913282727DD552B00CEEBC5 /* CoinObject.swift in Sources */ = {isa = PBXBuildFile; fileRef = 4913282627DD552B00CEEBC5 /* CoinObject.swift */; };
		4913282927DD55C000CEEBC5 /* DetailModel.swift in Sources */ = {isa = PBXBuildFile; fileRef = 4913282827DD55C000CEEBC5 /* DetailModel.swift */; };
		4913282B27DD570D00CEEBC5 /* CoinData.swift in Sources */ = {isa = PBXBuildFile; fileRef = 4913282A27DD570D00CEEBC5 /* CoinData.swift */; };
		4913282D27DDDB3F00CEEBC5 /* DetailData.swift in Sources */ = {isa = PBXBuildFile; fileRef = 4913282C27DDDB3F00CEEBC5 /* DetailData.swift */; };
		4913282F27DDDEA600CEEBC5 /* HistoryData.swift in Sources */ = {isa = PBXBuildFile; fileRef = 4913282E27DDDEA600CEEBC5 /* HistoryData.swift */; };
		4913283127DDDEB100CEEBC5 /* HistoryModel.swift in Sources */ = {isa = PBXBuildFile; fileRef = 4913283027DDDEB100CEEBC5 /* HistoryModel.swift */; };
		4AE0CE7D85225984E167546C /* Pods_CoinG.framework in Frameworks */ = {isa = PBXBuildFile; fileRef = D5DF67AB83269CC7ED1506B2 /* Pods_CoinG.framework */; };
/* End PBXBuildFile section */

/* Begin PBXFileReference section */
		2D743A60B442CBAB6466EE4E /* Pods-CoinG.debug.xcconfig */ = {isa = PBXFileReference; includeInIndex = 1; lastKnownFileType = text.xcconfig; name = "Pods-CoinG.debug.xcconfig"; path = "Target Support Files/Pods-CoinG/Pods-CoinG.debug.xcconfig"; sourceTree = "<group>"; };
		49062A5127E35BD900594B8F /* ImageService.swift */ = {isa = PBXFileReference; lastKnownFileType = sourcecode.swift; path = ImageService.swift; sourceTree = "<group>"; };
		490A081C27DFD48200D0F30B /* ChartMarker.swift */ = {isa = PBXFileReference; lastKnownFileType = sourcecode.swift; path = ChartMarker.swift; sourceTree = "<group>"; };
		490A081E27E0DF2F00D0F30B /* MyAlert.swift */ = {isa = PBXFileReference; lastKnownFileType = sourcecode.swift; path = MyAlert.swift; sourceTree = "<group>"; };
		490A082027E10E6E00D0F30B /* PickerView.swift */ = {isa = PBXFileReference; lastKnownFileType = sourcecode.swift; path = PickerView.swift; sourceTree = "<group>"; };
		490A082227E2197D00D0F30B /* CustomKey.swift */ = {isa = PBXFileReference; lastKnownFileType = sourcecode.swift; path = CustomKey.swift; sourceTree = "<group>"; };
		491327EC27DD4CF400CEEBC5 /* CoinG.app */ = {isa = PBXFileReference; explicitFileType = wrapper.application; includeInIndex = 0; path = CoinG.app; sourceTree = BUILT_PRODUCTS_DIR; };
		491327EF27DD4CF400CEEBC5 /* AppDelegate.swift */ = {isa = PBXFileReference; lastKnownFileType = sourcecode.swift; path = AppDelegate.swift; sourceTree = "<group>"; };
		491327F127DD4CF400CEEBC5 /* SceneDelegate.swift */ = {isa = PBXFileReference; lastKnownFileType = sourcecode.swift; path = SceneDelegate.swift; sourceTree = "<group>"; };
		491327F327DD4CF400CEEBC5 /* CoinViewController.swift */ = {isa = PBXFileReference; lastKnownFileType = sourcecode.swift; path = CoinViewController.swift; sourceTree = "<group>"; };
		491327F627DD4CF400CEEBC5 /* Base */ = {isa = PBXFileReference; lastKnownFileType = file.storyboard; name = Base; path = Base.lproj/Main.storyboard; sourceTree = "<group>"; };
		491327F827DD4CF500CEEBC5 /* Assets.xcassets */ = {isa = PBXFileReference; lastKnownFileType = folder.assetcatalog; path = Assets.xcassets; sourceTree = "<group>"; };
		491327FB27DD4CF500CEEBC5 /* Base */ = {isa = PBXFileReference; lastKnownFileType = file.storyboard; name = Base; path = Base.lproj/LaunchScreen.storyboard; sourceTree = "<group>"; };
		491327FD27DD4CF500CEEBC5 /* Info.plist */ = {isa = PBXFileReference; lastKnownFileType = text.plist.xml; path = Info.plist; sourceTree = "<group>"; };
		4913280827DD4E3400CEEBC5 /* ListViewController.swift */ = {isa = PBXFileReference; lastKnownFileType = sourcecode.swift; path = ListViewController.swift; sourceTree = "<group>"; };
		4913280E27DD4E9C00CEEBC5 /* DetailViewController.swift */ = {isa = PBXFileReference; lastKnownFileType = sourcecode.swift; path = DetailViewController.swift; sourceTree = "<group>"; };
		4913281027DD4F5B00CEEBC5 /* CustomCell.swift */ = {isa = PBXFileReference; fileEncoding = 4; lastKnownFileType = sourcecode.swift; path = CustomCell.swift; sourceTree = "<group>"; };
		4913281227DD4F6600CEEBC5 /* CustomCell.xib */ = {isa = PBXFileReference; fileEncoding = 4; lastKnownFileType = file.xib; path = CustomCell.xib; sourceTree = "<group>"; };
		4913281427DD51BC00CEEBC5 /* CryptoManager.swift */ = {isa = PBXFileReference; lastKnownFileType = sourcecode.swift; path = CryptoManager.swift; sourceTree = "<group>"; };
		4913281627DD51D600CEEBC5 /* GraphManager.swift */ = {isa = PBXFileReference; lastKnownFileType = sourcecode.swift; path = GraphManager.swift; sourceTree = "<group>"; };
		4913281827DD527B00CEEBC5 /* DataRepository.swift */ = {isa = PBXFileReference; lastKnownFileType = sourcecode.swift; path = DataRepository.swift; sourceTree = "<group>"; };
		4913281A27DD52FE00CEEBC5 /* Colors.swift */ = {isa = PBXFileReference; lastKnownFileType = sourcecode.swift; path = Colors.swift; sourceTree = "<group>"; };
		4913281C27DD535800CEEBC5 /* Fonts.swift */ = {isa = PBXFileReference; lastKnownFileType = sourcecode.swift; path = Fonts.swift; sourceTree = "<group>"; };
		4913281E27DD536800CEEBC5 /* Constants.swift */ = {isa = PBXFileReference; lastKnownFileType = sourcecode.swift; path = Constants.swift; sourceTree = "<group>"; };
		4913282127DD548500CEEBC5 /* Fredoka-Medium.ttf */ = {isa = PBXFileReference; lastKnownFileType = file; path = "Fredoka-Medium.ttf"; sourceTree = "<group>"; };
		4913282327DD549200CEEBC5 /* Fredoka-Regular.ttf */ = {isa = PBXFileReference; lastKnownFileType = file; path = "Fredoka-Regular.ttf"; sourceTree = "<group>"; };
		4913282527DD549A00CEEBC5 /* Fredoka-Light.ttf */ = {isa = PBXFileReference; lastKnownFileType = file; path = "Fredoka-Light.ttf"; sourceTree = "<group>"; };
		4913282627DD552B00CEEBC5 /* CoinObject.swift */ = {isa = PBXFileReference; lastKnownFileType = sourcecode.swift; path = CoinObject.swift; sourceTree = "<group>"; };
		4913282827DD55C000CEEBC5 /* DetailModel.swift */ = {isa = PBXFileReference; lastKnownFileType = sourcecode.swift; path = DetailModel.swift; sourceTree = "<group>"; };
		4913282A27DD570D00CEEBC5 /* CoinData.swift */ = {isa = PBXFileReference; lastKnownFileType = sourcecode.swift; path = CoinData.swift; sourceTree = "<group>"; };
		4913282C27DDDB3F00CEEBC5 /* DetailData.swift */ = {isa = PBXFileReference; lastKnownFileType = sourcecode.swift; path = DetailData.swift; sourceTree = "<group>"; };
		4913282E27DDDEA600CEEBC5 /* HistoryData.swift */ = {isa = PBXFileReference; lastKnownFileType = sourcecode.swift; path = HistoryData.swift; sourceTree = "<group>"; };
		4913283027DDDEB100CEEBC5 /* HistoryModel.swift */ = {isa = PBXFileReference; lastKnownFileType = sourcecode.swift; path = HistoryModel.swift; sourceTree = "<group>"; };
		D5DF67AB83269CC7ED1506B2 /* Pods_CoinG.framework */ = {isa = PBXFileReference; explicitFileType = wrapper.framework; includeInIndex = 0; path = Pods_CoinG.framework; sourceTree = BUILT_PRODUCTS_DIR; };
		FFD4AED3662597FA4AD68439 /* Pods-CoinG.release.xcconfig */ = {isa = PBXFileReference; includeInIndex = 1; lastKnownFileType = text.xcconfig; name = "Pods-CoinG.release.xcconfig"; path = "Target Support Files/Pods-CoinG/Pods-CoinG.release.xcconfig"; sourceTree = "<group>"; };
/* End PBXFileReference section */

/* Begin PBXFrameworksBuildPhase section */
		491327E927DD4CF400CEEBC5 /* Frameworks */ = {
			isa = PBXFrameworksBuildPhase;
			buildActionMask = 2147483647;
			files = (
				4AE0CE7D85225984E167546C /* Pods_CoinG.framework in Frameworks */,
			);
			runOnlyForDeploymentPostprocessing = 0;
		};
/* End PBXFrameworksBuildPhase section */

/* Begin PBXGroup section */
		1A66163E1DB905A8B64A34B2 /* Frameworks */ = {
			isa = PBXGroup;
			children = (
				D5DF67AB83269CC7ED1506B2 /* Pods_CoinG.framework */,
			);
			name = Frameworks;
			sourceTree = "<group>";
		};
		491327E327DD4CF400CEEBC5 = {
			isa = PBXGroup;
			children = (
				491327EE27DD4CF400CEEBC5 /* CoinG */,
				491327ED27DD4CF400CEEBC5 /* Products */,
				80B5FB76CD154E9A522DF222 /* Pods */,
				1A66163E1DB905A8B64A34B2 /* Frameworks */,
			);
			sourceTree = "<group>";
		};
		491327ED27DD4CF400CEEBC5 /* Products */ = {
			isa = PBXGroup;
			children = (
				491327EC27DD4CF400CEEBC5 /* CoinG.app */,
			);
			name = Products;
			sourceTree = "<group>";
		};
		491327EE27DD4CF400CEEBC5 /* CoinG */ = {
			isa = PBXGroup;
			children = (
				491327F127DD4CF400CEEBC5 /* SceneDelegate.swift */,
				491327EF27DD4CF400CEEBC5 /* AppDelegate.swift */,
				4913280327DD4D8A00CEEBC5 /* Controllers */,
				4913280627DD4DAB00CEEBC5 /* Network */,
				4913280527DD4D9D00CEEBC5 /* Model */,
				4913280427DD4D9200CEEBC5 /* Helpers */,
				491327F527DD4CF400CEEBC5 /* Main.storyboard */,
				491327F827DD4CF500CEEBC5 /* Assets.xcassets */,
				4913282027DD545100CEEBC5 /* Resources */,
				491327FA27DD4CF500CEEBC5 /* LaunchScreen.storyboard */,
				491327FD27DD4CF500CEEBC5 /* Info.plist */,
			);
			path = CoinG;
			sourceTree = "<group>";
		};
		4913280327DD4D8A00CEEBC5 /* Controllers */ = {
			isa = PBXGroup;
			children = (
				491327F327DD4CF400CEEBC5 /* CoinViewController.swift */,
				4913280827DD4E3400CEEBC5 /* ListViewController.swift */,
				4913280E27DD4E9C00CEEBC5 /* DetailViewController.swift */,
				4913281027DD4F5B00CEEBC5 /* CustomCell.swift */,
				4913281227DD4F6600CEEBC5 /* CustomCell.xib */,
			);
			path = Controllers;
			sourceTree = "<group>";
		};
		4913280427DD4D9200CEEBC5 /* Helpers */ = {
			isa = PBXGroup;
			children = (
				4913281827DD527B00CEEBC5 /* DataRepository.swift */,
				49062A5127E35BD900594B8F /* ImageService.swift */,
				490A081C27DFD48200D0F30B /* ChartMarker.swift */,
				490A081E27E0DF2F00D0F30B /* MyAlert.swift */,
				490A082027E10E6E00D0F30B /* PickerView.swift */,
				490A082227E2197D00D0F30B /* CustomKey.swift */,
				4913281C27DD535800CEEBC5 /* Fonts.swift */,
				4913281E27DD536800CEEBC5 /* Constants.swift */,
				4913281A27DD52FE00CEEBC5 /* Colors.swift */,
			);
			path = Helpers;
			sourceTree = "<group>";
		};
		4913280527DD4D9D00CEEBC5 /* Model */ = {
			isa = PBXGroup;
			children = (
				4913282627DD552B00CEEBC5 /* CoinObject.swift */,
				4913282A27DD570D00CEEBC5 /* CoinData.swift */,
				4913282C27DDDB3F00CEEBC5 /* DetailData.swift */,
				4913282827DD55C000CEEBC5 /* DetailModel.swift */,
				4913282E27DDDEA600CEEBC5 /* HistoryData.swift */,
				4913283027DDDEB100CEEBC5 /* HistoryModel.swift */,
			);
			path = Model;
			sourceTree = "<group>";
		};
		4913280627DD4DAB00CEEBC5 /* Network */ = {
			isa = PBXGroup;
			children = (
				4913281427DD51BC00CEEBC5 /* CryptoManager.swift */,
				4913281627DD51D600CEEBC5 /* GraphManager.swift */,
			);
			path = Network;
			sourceTree = "<group>";
		};
		4913282027DD545100CEEBC5 /* Resources */ = {
			isa = PBXGroup;
			children = (
				4913282327DD549200CEEBC5 /* Fredoka-Regular.ttf */,
				4913282127DD548500CEEBC5 /* Fredoka-Medium.ttf */,
				4913282527DD549A00CEEBC5 /* Fredoka-Light.ttf */,
			);
			path = Resources;
			sourceTree = "<group>";
		};
		80B5FB76CD154E9A522DF222 /* Pods */ = {
			isa = PBXGroup;
			children = (
				2D743A60B442CBAB6466EE4E /* Pods-CoinG.debug.xcconfig */,
				FFD4AED3662597FA4AD68439 /* Pods-CoinG.release.xcconfig */,
			);
			path = Pods;
			sourceTree = "<group>";
		};
/* End PBXGroup section */

/* Begin PBXNativeTarget section */
		491327EB27DD4CF400CEEBC5 /* CoinG */ = {
			isa = PBXNativeTarget;
			buildConfigurationList = 4913280027DD4CF500CEEBC5 /* Build configuration list for PBXNativeTarget "CoinG" */;
			buildPhases = (
				A799CF446CC9C5E2D9CF6DA3 /* [CP] Check Pods Manifest.lock */,
				491327E827DD4CF400CEEBC5 /* Sources */,
				491327E927DD4CF400CEEBC5 /* Frameworks */,
				491327EA27DD4CF400CEEBC5 /* Resources */,
				5BACE886C3DBED69502C0C6B /* [CP] Embed Pods Frameworks */,
			);
			buildRules = (
			);
			dependencies = (
			);
			name = CoinG;
			productName = CoinG;
			productReference = 491327EC27DD4CF400CEEBC5 /* CoinG.app */;
			productType = "com.apple.product-type.application";
		};
/* End PBXNativeTarget section */

/* Begin PBXProject section */
		491327E427DD4CF400CEEBC5 /* Project object */ = {
			isa = PBXProject;
			attributes = {
				BuildIndependentTargetsInParallel = 1;
				LastSwiftUpdateCheck = 1320;
				LastUpgradeCheck = 1320;
				TargetAttributes = {
					491327EB27DD4CF400CEEBC5 = {
						CreatedOnToolsVersion = 13.2.1;
					};
				};
			};
			buildConfigurationList = 491327E727DD4CF400CEEBC5 /* Build configuration list for PBXProject "CoinG" */;
			compatibilityVersion = "Xcode 13.0";
			developmentRegion = en;
			hasScannedForEncodings = 0;
			knownRegions = (
				en,
				Base,
			);
			mainGroup = 491327E327DD4CF400CEEBC5;
			productRefGroup = 491327ED27DD4CF400CEEBC5 /* Products */;
			projectDirPath = "";
			projectRoot = "";
			targets = (
				491327EB27DD4CF400CEEBC5 /* CoinG */,
			);
		};
/* End PBXProject section */

/* Begin PBXResourcesBuildPhase section */
		491327EA27DD4CF400CEEBC5 /* Resources */ = {
			isa = PBXResourcesBuildPhase;
			buildActionMask = 2147483647;
			files = (
				490A081B27DF5D9600D0F30B /* Fredoka-Light.ttf in Resources */,
				491327FC27DD4CF500CEEBC5 /* LaunchScreen.storyboard in Resources */,
				491327F927DD4CF500CEEBC5 /* Assets.xcassets in Resources */,
				4913281327DD4F6600CEEBC5 /* CustomCell.xib in Resources */,
				4913282227DD548500CEEBC5 /* Fredoka-Medium.ttf in Resources */,
				4913282427DD549200CEEBC5 /* Fredoka-Regular.ttf in Resources */,
				491327F727DD4CF400CEEBC5 /* Main.storyboard in Resources */,
			);
			runOnlyForDeploymentPostprocessing = 0;
		};
/* End PBXResourcesBuildPhase section */

/* Begin PBXShellScriptBuildPhase section */
		5BACE886C3DBED69502C0C6B /* [CP] Embed Pods Frameworks */ = {
			isa = PBXShellScriptBuildPhase;
			buildActionMask = 2147483647;
			files = (
			);
			inputFileListPaths = (
				"${PODS_ROOT}/Target Support Files/Pods-CoinG/Pods-CoinG-frameworks-${CONFIGURATION}-input-files.xcfilelist",
			);
			name = "[CP] Embed Pods Frameworks";
			outputFileListPaths = (
				"${PODS_ROOT}/Target Support Files/Pods-CoinG/Pods-CoinG-frameworks-${CONFIGURATION}-output-files.xcfilelist",
			);
			runOnlyForDeploymentPostprocessing = 0;
			shellPath = /bin/sh;
			shellScript = "\"${PODS_ROOT}/Target Support Files/Pods-CoinG/Pods-CoinG-frameworks.sh\"\n";
			showEnvVarsInLog = 0;
		};
		A799CF446CC9C5E2D9CF6DA3 /* [CP] Check Pods Manifest.lock */ = {
			isa = PBXShellScriptBuildPhase;
			buildActionMask = 2147483647;
			files = (
			);
			inputFileListPaths = (
			);
			inputPaths = (
				"${PODS_PODFILE_DIR_PATH}/Podfile.lock",
				"${PODS_ROOT}/Manifest.lock",
			);
			name = "[CP] Check Pods Manifest.lock";
			outputFileListPaths = (
			);
			outputPaths = (
				"$(DERIVED_FILE_DIR)/Pods-CoinG-checkManifestLockResult.txt",
			);
			runOnlyForDeploymentPostprocessing = 0;
			shellPath = /bin/sh;
			shellScript = "diff \"${PODS_PODFILE_DIR_PATH}/Podfile.lock\" \"${PODS_ROOT}/Manifest.lock\" > /dev/null\nif [ $? != 0 ] ; then\n    # print error to STDERR\n    echo \"error: The sandbox is not in sync with the Podfile.lock. Run 'pod install' or update your CocoaPods installation.\" >&2\n    exit 1\nfi\n# This output is used by Xcode 'outputs' to avoid re-running this script phase.\necho \"SUCCESS\" > \"${SCRIPT_OUTPUT_FILE_0}\"\n";
			showEnvVarsInLog = 0;
		};
/* End PBXShellScriptBuildPhase section */

/* Begin PBXSourcesBuildPhase section */
		491327E827DD4CF400CEEBC5 /* Sources */ = {
			isa = PBXSourcesBuildPhase;
			buildActionMask = 2147483647;
			files = (
				491327F427DD4CF400CEEBC5 /* CoinViewController.swift in Sources */,
				4913281B27DD52FE00CEEBC5 /* Colors.swift in Sources */,
				4913283127DDDEB100CEEBC5 /* HistoryModel.swift in Sources */,
				4913282927DD55C000CEEBC5 /* DetailModel.swift in Sources */,
				490A082327E2197D00D0F30B /* CustomKey.swift in Sources */,
				4913281527DD51BC00CEEBC5 /* CryptoManager.swift in Sources */,
				490A082127E10E6E00D0F30B /* PickerView.swift in Sources */,
				4913281727DD51D600CEEBC5 /* GraphManager.swift in Sources */,
				49062A5227E35BD900594B8F /* ImageService.swift in Sources */,
				490A081F27E0DF2F00D0F30B /* MyAlert.swift in Sources */,
				491327F027DD4CF400CEEBC5 /* AppDelegate.swift in Sources */,
				4913282F27DDDEA600CEEBC5 /* HistoryData.swift in Sources */,
				4913280F27DD4E9C00CEEBC5 /* DetailViewController.swift in Sources */,
				4913282727DD552B00CEEBC5 /* CoinObject.swift in Sources */,
				4913282D27DDDB3F00CEEBC5 /* DetailData.swift in Sources */,
				491327F227DD4CF400CEEBC5 /* SceneDelegate.swift in Sources */,
				4913281927DD527B00CEEBC5 /* DataRepository.swift in Sources */,
				4913281D27DD535800CEEBC5 /* Fonts.swift in Sources */,
				4913281127DD4F5B00CEEBC5 /* CustomCell.swift in Sources */,
				4913282B27DD570D00CEEBC5 /* CoinData.swift in Sources */,
				4913280A27DD4E3400CEEBC5 /* ListViewController.swift in Sources */,
				490A081D27DFD48200D0F30B /* ChartMarker.swift in Sources */,
				4913281F27DD536800CEEBC5 /* Constants.swift in Sources */,
			);
			runOnlyForDeploymentPostprocessing = 0;
		};
/* End PBXSourcesBuildPhase section */

/* Begin PBXVariantGroup section */
		491327F527DD4CF400CEEBC5 /* Main.storyboard */ = {
			isa = PBXVariantGroup;
			children = (
				491327F627DD4CF400CEEBC5 /* Base */,
			);
			name = Main.storyboard;
			sourceTree = "<group>";
		};
		491327FA27DD4CF500CEEBC5 /* LaunchScreen.storyboard */ = {
			isa = PBXVariantGroup;
			children = (
				491327FB27DD4CF500CEEBC5 /* Base */,
			);
			name = LaunchScreen.storyboard;
			sourceTree = "<group>";
		};
/* End PBXVariantGroup section */

/* Begin XCBuildConfiguration section */
		491327FE27DD4CF500CEEBC5 /* Debug */ = {
			isa = XCBuildConfiguration;
			buildSettings = {
				ALWAYS_SEARCH_USER_PATHS = NO;
				CLANG_ANALYZER_NONNULL = YES;
				CLANG_ANALYZER_NUMBER_OBJECT_CONVERSION = YES_AGGRESSIVE;
				CLANG_CXX_LANGUAGE_STANDARD = "gnu++17";
				CLANG_CXX_LIBRARY = "libc++";
				CLANG_ENABLE_MODULES = YES;
				CLANG_ENABLE_OBJC_ARC = YES;
				CLANG_ENABLE_OBJC_WEAK = YES;
				CLANG_WARN_BLOCK_CAPTURE_AUTORELEASING = YES;
				CLANG_WARN_BOOL_CONVERSION = YES;
				CLANG_WARN_COMMA = YES;
				CLANG_WARN_CONSTANT_CONVERSION = YES;
				CLANG_WARN_DEPRECATED_OBJC_IMPLEMENTATIONS = YES;
				CLANG_WARN_DIRECT_OBJC_ISA_USAGE = YES_ERROR;
				CLANG_WARN_DOCUMENTATION_COMMENTS = YES;
				CLANG_WARN_EMPTY_BODY = YES;
				CLANG_WARN_ENUM_CONVERSION = YES;
				CLANG_WARN_INFINITE_RECURSION = YES;
				CLANG_WARN_INT_CONVERSION = YES;
				CLANG_WARN_NON_LITERAL_NULL_CONVERSION = YES;
				CLANG_WARN_OBJC_IMPLICIT_RETAIN_SELF = YES;
				CLANG_WARN_OBJC_LITERAL_CONVERSION = YES;
				CLANG_WARN_OBJC_ROOT_CLASS = YES_ERROR;
				CLANG_WARN_QUOTED_INCLUDE_IN_FRAMEWORK_HEADER = YES;
				CLANG_WARN_RANGE_LOOP_ANALYSIS = YES;
				CLANG_WARN_STRICT_PROTOTYPES = YES;
				CLANG_WARN_SUSPICIOUS_MOVE = YES;
				CLANG_WARN_UNGUARDED_AVAILABILITY = YES_AGGRESSIVE;
				CLANG_WARN_UNREACHABLE_CODE = YES;
				CLANG_WARN__DUPLICATE_METHOD_MATCH = YES;
				COPY_PHASE_STRIP = NO;
				DEBUG_INFORMATION_FORMAT = dwarf;
				ENABLE_STRICT_OBJC_MSGSEND = YES;
				ENABLE_TESTABILITY = YES;
				GCC_C_LANGUAGE_STANDARD = gnu11;
				GCC_DYNAMIC_NO_PIC = NO;
				GCC_NO_COMMON_BLOCKS = YES;
				GCC_OPTIMIZATION_LEVEL = 0;
				GCC_PREPROCESSOR_DEFINITIONS = (
					"DEBUG=1",
					"$(inherited)",
				);
				GCC_WARN_64_TO_32_BIT_CONVERSION = YES;
				GCC_WARN_ABOUT_RETURN_TYPE = YES_ERROR;
				GCC_WARN_UNDECLARED_SELECTOR = YES;
				GCC_WARN_UNINITIALIZED_AUTOS = YES_AGGRESSIVE;
				GCC_WARN_UNUSED_FUNCTION = YES;
				GCC_WARN_UNUSED_VARIABLE = YES;
				IPHONEOS_DEPLOYMENT_TARGET = 15.2;
				MTL_ENABLE_DEBUG_INFO = INCLUDE_SOURCE;
				MTL_FAST_MATH = YES;
				ONLY_ACTIVE_ARCH = YES;
				SDKROOT = iphoneos;
				SWIFT_ACTIVE_COMPILATION_CONDITIONS = DEBUG;
				SWIFT_OPTIMIZATION_LEVEL = "-Onone";
			};
			name = Debug;
		};
		491327FF27DD4CF500CEEBC5 /* Release */ = {
			isa = XCBuildConfiguration;
			buildSettings = {
				ALWAYS_SEARCH_USER_PATHS = NO;
				CLANG_ANALYZER_NONNULL = YES;
				CLANG_ANALYZER_NUMBER_OBJECT_CONVERSION = YES_AGGRESSIVE;
				CLANG_CXX_LANGUAGE_STANDARD = "gnu++17";
				CLANG_CXX_LIBRARY = "libc++";
				CLANG_ENABLE_MODULES = YES;
				CLANG_ENABLE_OBJC_ARC = YES;
				CLANG_ENABLE_OBJC_WEAK = YES;
				CLANG_WARN_BLOCK_CAPTURE_AUTORELEASING = YES;
				CLANG_WARN_BOOL_CONVERSION = YES;
				CLANG_WARN_COMMA = YES;
				CLANG_WARN_CONSTANT_CONVERSION = YES;
				CLANG_WARN_DEPRECATED_OBJC_IMPLEMENTATIONS = YES;
				CLANG_WARN_DIRECT_OBJC_ISA_USAGE = YES_ERROR;
				CLANG_WARN_DOCUMENTATION_COMMENTS = YES;
				CLANG_WARN_EMPTY_BODY = YES;
				CLANG_WARN_ENUM_CONVERSION = YES;
				CLANG_WARN_INFINITE_RECURSION = YES;
				CLANG_WARN_INT_CONVERSION = YES;
				CLANG_WARN_NON_LITERAL_NULL_CONVERSION = YES;
				CLANG_WARN_OBJC_IMPLICIT_RETAIN_SELF = YES;
				CLANG_WARN_OBJC_LITERAL_CONVERSION = YES;
				CLANG_WARN_OBJC_ROOT_CLASS = YES_ERROR;
				CLANG_WARN_QUOTED_INCLUDE_IN_FRAMEWORK_HEADER = YES;
				CLANG_WARN_RANGE_LOOP_ANALYSIS = YES;
				CLANG_WARN_STRICT_PROTOTYPES = YES;
				CLANG_WARN_SUSPICIOUS_MOVE = YES;
				CLANG_WARN_UNGUARDED_AVAILABILITY = YES_AGGRESSIVE;
				CLANG_WARN_UNREACHABLE_CODE = YES;
				CLANG_WARN__DUPLICATE_METHOD_MATCH = YES;
				COPY_PHASE_STRIP = NO;
				DEBUG_INFORMATION_FORMAT = "dwarf-with-dsym";
				ENABLE_NS_ASSERTIONS = NO;
				ENABLE_STRICT_OBJC_MSGSEND = YES;
				GCC_C_LANGUAGE_STANDARD = gnu11;
				GCC_NO_COMMON_BLOCKS = YES;
				GCC_WARN_64_TO_32_BIT_CONVERSION = YES;
				GCC_WARN_ABOUT_RETURN_TYPE = YES_ERROR;
				GCC_WARN_UNDECLARED_SELECTOR = YES;
				GCC_WARN_UNINITIALIZED_AUTOS = YES_AGGRESSIVE;
				GCC_WARN_UNUSED_FUNCTION = YES;
				GCC_WARN_UNUSED_VARIABLE = YES;
				IPHONEOS_DEPLOYMENT_TARGET = 15.2;
				MTL_ENABLE_DEBUG_INFO = NO;
				MTL_FAST_MATH = YES;
				SDKROOT = iphoneos;
				SWIFT_COMPILATION_MODE = wholemodule;
				SWIFT_OPTIMIZATION_LEVEL = "-O";
				VALIDATE_PRODUCT = YES;
			};
			name = Release;
		};
		4913280127DD4CF500CEEBC5 /* Debug */ = {
			isa = XCBuildConfiguration;
			baseConfigurationReference = 2D743A60B442CBAB6466EE4E /* Pods-CoinG.debug.xcconfig */;
			buildSettings = {
				ASSETCATALOG_COMPILER_APPICON_NAME = AppIcon;
				ASSETCATALOG_COMPILER_GLOBAL_ACCENT_COLOR_NAME = AccentColor;
				CODE_SIGN_STYLE = Automatic;
				CURRENT_PROJECT_VERSION = 1;
				DEVELOPMENT_TEAM = ZK5SPB6HXV;
				GENERATE_INFOPLIST_FILE = YES;
				INFOPLIST_FILE = CoinG/Info.plist;
				INFOPLIST_KEY_UIApplicationSupportsIndirectInputEvents = YES;
				INFOPLIST_KEY_UILaunchStoryboardName = LaunchScreen;
				INFOPLIST_KEY_UIMainStoryboardFile = Main;
				INFOPLIST_KEY_UISupportedInterfaceOrientations_iPad = "UIInterfaceOrientationPortrait UIInterfaceOrientationPortraitUpsideDown UIInterfaceOrientationLandscapeLeft UIInterfaceOrientationLandscapeRight";
				INFOPLIST_KEY_UISupportedInterfaceOrientations_iPhone = "UIInterfaceOrientationPortrait UIInterfaceOrientationLandscapeLeft UIInterfaceOrientationLandscapeRight";
				LD_RUNPATH_SEARCH_PATHS = (
					"$(inherited)",
					"@executable_path/Frameworks",
				);
				MARKETING_VERSION = 1.0;
				PRODUCT_BUNDLE_IDENTIFIER = gl.CoinG;
				PRODUCT_NAME = "$(TARGET_NAME)";
				SWIFT_EMIT_LOC_STRINGS = YES;
				SWIFT_VERSION = 5.0;
				TARGETED_DEVICE_FAMILY = "1,2";
			};
			name = Debug;
		};
		4913280227DD4CF500CEEBC5 /* Release */ = {
			isa = XCBuildConfiguration;
			baseConfigurationReference = FFD4AED3662597FA4AD68439 /* Pods-CoinG.release.xcconfig */;
			buildSettings = {
				ASSETCATALOG_COMPILER_APPICON_NAME = AppIcon;
				ASSETCATALOG_COMPILER_GLOBAL_ACCENT_COLOR_NAME = AccentColor;
				CODE_SIGN_STYLE = Automatic;
				CURRENT_PROJECT_VERSION = 1;
				DEVELOPMENT_TEAM = ZK5SPB6HXV;
				GENERATE_INFOPLIST_FILE = YES;
				INFOPLIST_FILE = CoinG/Info.plist;
				INFOPLIST_KEY_UIApplicationSupportsIndirectInputEvents = YES;
				INFOPLIST_KEY_UILaunchStoryboardName = LaunchScreen;
				INFOPLIST_KEY_UIMainStoryboardFile = Main;
				INFOPLIST_KEY_UISupportedInterfaceOrientations_iPad = "UIInterfaceOrientationPortrait UIInterfaceOrientationPortraitUpsideDown UIInterfaceOrientationLandscapeLeft UIInterfaceOrientationLandscapeRight";
				INFOPLIST_KEY_UISupportedInterfaceOrientations_iPhone = "UIInterfaceOrientationPortrait UIInterfaceOrientationLandscapeLeft UIInterfaceOrientationLandscapeRight";
				LD_RUNPATH_SEARCH_PATHS = (
					"$(inherited)",
					"@executable_path/Frameworks",
				);
				MARKETING_VERSION = 1.0;
				PRODUCT_BUNDLE_IDENTIFIER = gl.CoinG;
				PRODUCT_NAME = "$(TARGET_NAME)";
				SWIFT_EMIT_LOC_STRINGS = YES;
				SWIFT_VERSION = 5.0;
				TARGETED_DEVICE_FAMILY = "1,2";
			};
			name = Release;
		};
/* End XCBuildConfiguration section */

/* Begin XCConfigurationList section */
		491327E727DD4CF400CEEBC5 /* Build configuration list for PBXProject "CoinG" */ = {
			isa = XCConfigurationList;
			buildConfigurations = (
				491327FE27DD4CF500CEEBC5 /* Debug */,
				491327FF27DD4CF500CEEBC5 /* Release */,
			);
			defaultConfigurationIsVisible = 0;
			defaultConfigurationName = Release;
		};
		4913280027DD4CF500CEEBC5 /* Build configuration list for PBXNativeTarget "CoinG" */ = {
			isa = XCConfigurationList;
			buildConfigurations = (
				4913280127DD4CF500CEEBC5 /* Debug */,
				4913280227DD4CF500CEEBC5 /* Release */,
			);
			defaultConfigurationIsVisible = 0;
			defaultConfigurationName = Release;
		};
/* End XCConfigurationList section */
	};
	rootObject = 491327E427DD4CF400CEEBC5 /* Project object */;
}
